
Microsoft Visual Studio Solution File, Format Version 12.00
# Visual Studio Version 16
VisualStudioVersion = 16.0.31313.79
MinimumVisualStudioVersion = 10.0.40219.1
Project("{8BC9CEB8-8B4A-11D0-8D11-00A0C91BC942}") = "HotPlugBoot", "HotPlugBoot\HotPlugBoot.vcxproj", "{BFDBBA3C-BD17-42E1-A61A-8374C186700E}"
	ProjectSection(ProjectDependencies) = postProject
		{C190372C-6135-44BB-BAA3-E2B0B3E00193} = {C190372C-6135-44BB-BAA3-E2B0B3E00193}
		{B772372E-887C-4ACD-951D-E11131137BED} = {B772372E-887C-4ACD-951D-E11131137BED}
		{B8541E7F-468E-40F3-9D11-5D8EDF9AB5BE} = {B8541E7F-468E-40F3-9D11-5D8EDF9AB5BE}
	EndProjectSection
EndProject
Project("{8BC9CEB8-8B4A-11D0-8D11-00A0C91BC942}") = "PlugIn", "PlugIn\PlugIn.vcxproj", "{B772372E-887C-4ACD-951D-E11131137BED}"
	ProjectSection(ProjectDependencies) = postProject
		{B8541E7F-468E-40F3-9D11-5D8EDF9AB5BE} = {B8541E7F-468E-40F3-9D11-5D8EDF9AB5BE}
	EndProjectSection
EndProject
Project("{8BC9CEB8-8B4A-11D0-8D11-00A0C91BC942}") = "HotPlugCenter", "HotPlugCenter\HotPlugCenter.vcxproj", "{B8541E7F-468E-40F3-9D11-5D8EDF9AB5BE}"
EndProject
Project("{8BC9CEB8-8B4A-11D0-8D11-00A0C91BC942}") = "PlugInSec", "PlugInSec\PlugInSec.vcxproj", "{C190372C-6135-44BB-BAA3-E2B0B3E00193}"
	ProjectSection(ProjectDependencies) = postProject
		{B8541E7F-468E-40F3-9D11-5D8EDF9AB5BE} = {B8541E7F-468E-40F3-9D11-5D8EDF9AB5BE}
	EndProjectSection
EndProject
Project("{2150E333-8FDC-42A3-9474-1A3956D46DE8}") = "两个插件demo", "两个插件demo", "{E08E9F42-4F77-4204-9F06-2C2407CCD5D1}"
EndProject
Project("{2150E333-8FDC-42A3-9474-1A3956D46DE8}") = "UI", "UI", "{79020723-7F4D-4E9B-BEDF-147CF700D6FE}"
EndProject
Global
	GlobalSection(SolutionConfigurationPlatforms) = preSolution
		Debug|x64 = Debug|x64
		Debug|x86 = Debug|x86
		Release|x64 = Release|x64
		Release|x86 = Release|x86
	EndGlobalSection
	GlobalSection(ProjectConfigurationPlatforms) = postSolution
		{BFDBBA3C-BD17-42E1-A61A-8374C186700E}.Debug|x64.ActiveCfg = Debug|x64
		{BFDBBA3C-BD17-42E1-A61A-8374C186700E}.Debug|x64.Build.0 = Debug|x64
		{BFDBBA3C-BD17-42E1-A61A-8374C186700E}.Debug|x86.ActiveCfg = Debug|Win32
		{BFDBBA3C-BD17-42E1-A61A-8374C186700E}.Debug|x86.Build.0 = Debug|Win32
		{BFDBBA3C-BD17-42E1-A61A-8374C186700E}.Release|x64.ActiveCfg = Release|x64
		{BFDBBA3C-BD17-42E1-A61A-8374C186700E}.Release|x64.Build.0 = Release|x64
		{BFDBBA3C-BD17-42E1-A61A-8374C186700E}.Release|x86.ActiveCfg = Release|Win32
		{BFDBBA3C-BD17-42E1-A61A-8374C186700E}.Release|x86.Build.0 = Release|Win32
		{B772372E-887C-4ACD-951D-E11131137BED}.Debug|x64.ActiveCfg = Debug|x64
		{B772372E-887C-4ACD-951D-E11131137BED}.Debug|x64.Build.0 = Debug|x64
		{B772372E-887C-4ACD-951D-E11131137BED}.Debug|x86.ActiveCfg = Debug|Win32
		{B772372E-887C-4ACD-951D-E11131137BED}.Debug|x86.Build.0 = Debug|Win32
		{B772372E-887C-4ACD-951D-E11131137BED}.Release|x64.ActiveCfg = Release|x64
		{B772372E-887C-4ACD-951D-E11131137BED}.Release|x64.Build.0 = Release|x64
		{B772372E-887C-4ACD-951D-E11131137BED}.Release|x86.ActiveCfg = Release|Win32
		{B772372E-887C-4ACD-951D-E11131137BED}.Release|x86.Build.0 = Release|Win32
		{B8541E7F-468E-40F3-9D11-5D8EDF9AB5BE}.Debug|x64.ActiveCfg = Debug|x64
		{B8541E7F-468E-40F3-9D11-5D8EDF9AB5BE}.Debug|x64.Build.0 = Debug|x64
		{B8541E7F-468E-40F3-9D11-5D8EDF9AB5BE}.Debug|x86.ActiveCfg = Debug|Win32
		{B8541E7F-468E-40F3-9D11-5D8EDF9AB5BE}.Debug|x86.Build.0 = Debug|Win32
		{B8541E7F-468E-40F3-9D11-5D8EDF9AB5BE}.Release|x64.ActiveCfg = Release|x64
		{B8541E7F-468E-40F3-9D11-5D8EDF9AB5BE}.Release|x64.Build.0 = Release|x64
		{B8541E7F-468E-40F3-9D11-5D8EDF9AB5BE}.Release|x86.ActiveCfg = Release|Win32
		{B8541E7F-468E-40F3-9D11-5D8EDF9AB5BE}.Release|x86.Build.0 = Release|Win32
		{C190372C-6135-44BB-BAA3-E2B0B3E00193}.Debug|x64.ActiveCfg = Debug|x64
		{C190372C-6135-44BB-BAA3-E2B0B3E00193}.Debug|x64.Build.0 = Debug|x64
		{C190372C-6135-44BB-BAA3-E2B0B3E00193}.Debug|x86.ActiveCfg = Debug|Win32
		{C190372C-6135-44BB-BAA3-E2B0B3E00193}.Debug|x86.Build.0 = Debug|Win32
		{C190372C-6135-44BB-BAA3-E2B0B3E00193}.Release|x64.ActiveCfg = Release|x64
		{C190372C-6135-44BB-BAA3-E2B0B3E00193}.Release|x64.Build.0 = Release|x64
		{C190372C-6135-44BB-BAA3-E2B0B3E00193}.Release|x86.ActiveCfg = Release|Win32
		{C190372C-6135-44BB-BAA3-E2B0B3E00193}.Release|x86.Build.0 = Release|Win32
	EndGlobalSection
	GlobalSection(SolutionProperties) = preSolution
		HideSolutionNode = FALSE
	EndGlobalSection
	GlobalSection(NestedProjects) = preSolution
		{BFDBBA3C-BD17-42E1-A61A-8374C186700E} = {79020723-7F4D-4E9B-BEDF-147CF700D6FE}
		{B772372E-887C-4ACD-951D-E11131137BED} = {E08E9F42-4F77-4204-9F06-2C2407CCD5D1}
		{C190372C-6135-44BB-BAA3-E2B0B3E00193} = {E08E9F42-4F77-4204-9F06-2C2407CCD5D1}
	EndGlobalSection
	GlobalSection(ExtensibilityGlobals) = postSolution
		SolutionGuid = {766D569F-7250-489A-970E-7326A0B7CB96}
	EndGlobalSection
EndGlobal
